// !$*UTF8*$!
{
	archiveVersion = 1;
	classes = {
	};
	objectVersion = 77;
	objects = {

/* Begin PBXBuildFile section */
		008E9409F4D6532C444EA35A /* BlurView.swift in Sources */ = {isa = PBXBuildFile; fileRef = E2C1E15D657407B060E104DD /* BlurView.swift */; };
		1D566971E82B4072AFC01454 /* TerminalApp.swift in Sources */ = {isa = PBXBuildFile; fileRef = 2F80A0CF15FF426CB54C5684 /* TerminalApp.swift */; };
		332A5F730AC2479999930102 /* SidebarView.swift in Sources */ = {isa = PBXBuildFile; fileRef = B14283841EE010BB26CE5628 /* SidebarView.swift */; };
		4B5BEB0DA14B80312E099A47 /* TabBarView.swift in Sources */ = {isa = PBXBuildFile; fileRef = 085E43D7603CFC23C7AF8E31 /* TabBarView.swift */; };
		5FFA243F56697842BDD6A97C /* Theme.swift in Sources */ = {isa = PBXBuildFile; fileRef = 839C374A60E78A21ACEDD128 /* Theme.swift */; };
		653912B3B3FA00F0238B02B0 /* TerminalContainerView.swift in Sources */ = {isa = PBXBuildFile; fileRef = 278A90570086F2A3A9F18B1D /* TerminalContainerView.swift */; };
		873814370CDD4BFAE4EECC48 /* HUDView.swift in Sources */ = {isa = PBXBuildFile; fileRef = CAF1C1669D7C52FAD9649F69 /* HUDView.swift */; };
		89F1B56D111BD9AA5AA29F3B /* CommandPaletteView.swift in Sources */ = {isa = PBXBuildFile; fileRef = 871902E7C083A4DB99831D68 /* CommandPaletteView.swift */; };
		9E0937D5026E4D2962342569 /* TerminalConfig.swift in Sources */ = {isa = PBXBuildFile; fileRef = FE855553D6B56BE0CB87B144 /* TerminalConfig.swift */; };
		ACB15C1AB5E85F4BFCE916A0 /* TerminalWindow.swift in Sources */ = {isa = PBXBuildFile; fileRef = AA03B634C93EE25241534E18 /* TerminalWindow.swift */; };
		B17D71E927B849C6963A20F9 /* GhosttyKit in Frameworks */ = {isa = PBXBuildFile; productRef = B17D71E927B849C6963A20F8 /* GhosttyKit */; };
		B6F8201416B18D2CE97C4A87 /* InputHelpers.swift in Sources */ = {isa = PBXBuildFile; fileRef = C9C7898AB5FAAB168FB775D5 /* InputHelpers.swift */; };
		CB90CE121CD3381C68BCA681 /* AppDelegate.swift in Sources */ = {isa = PBXBuildFile; fileRef = 4807216622BD704F71E9DD32 /* AppDelegate.swift */; };
		DA8B6CBCF1E315EC44488893 /* TerminalSurfaceView.swift in Sources */ = {isa = PBXBuildFile; fileRef = D8B9D301EA35CF3416799A9B /* TerminalSurfaceView.swift */; };
/* End PBXBuildFile section */

/* Begin PBXFileReference section */
		085E43D7603CFC23C7AF8E31 /* TabBarView.swift */ = {isa = PBXFileReference; lastKnownFileType = sourcecode.swift; path = TabBarView.swift; sourceTree = "<group>"; };
		278A90570086F2A3A9F18B1D /* TerminalContainerView.swift */ = {isa = PBXFileReference; lastKnownFileType = sourcecode.swift; path = TerminalContainerView.swift; sourceTree = "<group>"; };
		2F80A0CF15FF426CB54C5684 /* TerminalApp.swift */ = {isa = PBXFileReference; lastKnownFileType = sourcecode.swift; path = TerminalApp.swift; sourceTree = "<group>"; };
		4807216622BD704F71E9DD32 /* AppDelegate.swift */ = {isa = PBXFileReference; lastKnownFileType = sourcecode.swift; path = AppDelegate.swift; sourceTree = "<group>"; };
		600EF5F61279B6CFFDD91B91 /* Recminal.app */ = {isa = PBXFileReference; explicitFileType = wrapper.application; includeInIndex = 0; path = Recminal.app; sourceTree = BUILT_PRODUCTS_DIR; };
		839C374A60E78A21ACEDD128 /* Theme.swift */ = {isa = PBXFileReference; lastKnownFileType = sourcecode.swift; path = Theme.swift; sourceTree = "<group>"; };
		871902E7C083A4DB99831D68 /* CommandPaletteView.swift */ = {isa = PBXFileReference; lastKnownFileType = sourcecode.swift; path = CommandPaletteView.swift; sourceTree = "<group>"; };
		AA03B634C93EE25241534E18 /* TerminalWindow.swift */ = {isa = PBXFileReference; lastKnownFileType = sourcecode.swift; path = TerminalWindow.swift; sourceTree = "<group>"; };
		B14283841EE010BB26CE5628 /* SidebarView.swift */ = {isa = PBXFileReference; lastKnownFileType = sourcecode.swift; path = SidebarView.swift; sourceTree = "<group>"; };
		C9C7898AB5FAAB168FB775D5 /* InputHelpers.swift */ = {isa = PBXFileReference; lastKnownFileType = sourcecode.swift; path = InputHelpers.swift; sourceTree = "<group>"; };
		CAF1C1669D7C52FAD9649F69 /* HUDView.swift */ = {isa = PBXFileReference; lastKnownFileType = sourcecode.swift; path = HUDView.swift; sourceTree = "<group>"; };
		D8B9D301EA35CF3416799A9B /* TerminalSurfaceView.swift */ = {isa = PBXFileReference; lastKnownFileType = sourcecode.swift; path = TerminalSurfaceView.swift; sourceTree = "<group>"; };
		E2C1E15D657407B060E104DD /* BlurView.swift */ = {isa = PBXFileReference; lastKnownFileType = sourcecode.swift; path = BlurView.swift; sourceTree = "<group>"; };
		FE855553D6B56BE0CB87B144 /* TerminalConfig.swift */ = {isa = PBXFileReference; lastKnownFileType = sourcecode.swift; path = TerminalConfig.swift; sourceTree = "<group>"; };
/* End PBXFileReference section */

/* Begin PBXFrameworksBuildPhase section */
		28F41124815061054F06EBBF /* Frameworks */ = {
			isa = PBXFrameworksBuildPhase;
			buildActionMask = 2147483647;
			files = (
				B17D71E927B849C6963A20F9 /* GhosttyKit in Frameworks */,
			);
			runOnlyForDeploymentPostprocessing = 0;
		};
/* End PBXFrameworksBuildPhase section */

/* Begin PBXGroup section */
		27982E00868A4DD33F892D1D /* Frameworks */ = {
			isa = PBXGroup;
			children = (
			);
			name = Frameworks;
			sourceTree = "<group>";
		};
		58C9FF01A9B14B30986AE346 /* Products */ = {
			isa = PBXGroup;
			children = (
				600EF5F61279B6CFFDD91B91 /* Recminal.app */,
			);
			name = Products;
			sourceTree = "<group>";
		};
		9B147655C03A8B9393C7F44A /* Bridge */ = {
			isa = PBXGroup;
			children = (
				C9C7898AB5FAAB168FB775D5 /* InputHelpers.swift */,
				2F80A0CF15FF426CB54C5684 /* TerminalApp.swift */,
				FE855553D6B56BE0CB87B144 /* TerminalConfig.swift */,
			);
			path = Bridge;
			sourceTree = "<group>";
		};
		A18253572782ACDA70C053DB = {
			isa = PBXGroup;
			children = (
				C49CB27CB0B05F98B5A1A299 /* Recminal */,
				27982E00868A4DD33F892D1D /* Frameworks */,
				58C9FF01A9B14B30986AE346 /* Products */,
			);
			sourceTree = "<group>";
		};
		BA4253A8A283E49B9658CD7B /* Views */ = {
			isa = PBXGroup;
			children = (
				E2C1E15D657407B060E104DD /* BlurView.swift */,
				871902E7C083A4DB99831D68 /* CommandPaletteView.swift */,
				CAF1C1669D7C52FAD9649F69 /* HUDView.swift */,
				B14283841EE010BB26CE5628 /* SidebarView.swift */,
				085E43D7603CFC23C7AF8E31 /* TabBarView.swift */,
				278A90570086F2A3A9F18B1D /* TerminalContainerView.swift */,
				D8B9D301EA35CF3416799A9B /* TerminalSurfaceView.swift */,
				AA03B634C93EE25241534E18 /* TerminalWindow.swift */,
				839C374A60E78A21ACEDD128 /* Theme.swift */,
			);
			path = Views;
			sourceTree = "<group>";
		};
		C49CB27CB0B05F98B5A1A299 /* Recminal */ = {
			isa = PBXGroup;
			children = (
				DC4E0B7648453FA0761288AF /* App */,
				9B147655C03A8B9393C7F44A /* Bridge */,
				BA4253A8A283E49B9658CD7B /* Views */,
			);
			path = Recminal;
			sourceTree = "<group>";
		};
		DC4E0B7648453FA0761288AF /* App */ = {
			isa = PBXGroup;
			children = (
				4807216622BD704F71E9DD32 /* AppDelegate.swift */,
			);
			path = App;
			sourceTree = "<group>";
		};
/* End PBXGroup section */

/* Begin PBXNativeTarget section */
		8CA9290C4C6EDD03BD0CB45A /* Recminal */ = {
			isa = PBXNativeTarget;
			buildConfigurationList = 36E86722BEC88FB63A96ADC2 /* Build configuration list for PBXNativeTarget "Recminal" */;
			buildPhases = (
				C5DAB7F3D30FF94EDF92CACC /* Sources */,
				28F41124815061054F06EBBF /* Frameworks */,
			);
			buildRules = (
			);
			dependencies = (
			);
			name = Recminal;
			packageProductDependencies = (
				B17D71E927B849C6963A20F8 /* GhosttyKit */,
			);
			productName = Recminal;
			productReference = 600EF5F61279B6CFFDD91B91 /* Recminal.app */;
			productType = "com.apple.product-type.application";
		};
/* End PBXNativeTarget section */

/* Begin PBXProject section */
		A7B2432464B100B9F5DEFFCC /* Project object */ = {
			isa = PBXProject;
			attributes = {
				BuildIndependentTargetsInParallel = YES;
				LastUpgradeCheck = 1600;
				TargetAttributes = {
					8CA9290C4C6EDD03BD0CB45A = {
						ProvisioningStyle = Automatic;
					};
				};
			};
			buildConfigurationList = DAA18EF52F4689A3B8D6496E /* Build configuration list for PBXProject "Recminal" */;
			developmentRegion = en;
			hasScannedForEncodings = 0;
			knownRegions = (
				Base,
				en,
			);
			mainGroup = A18253572782ACDA70C053DB;
			minimizedProjectReferenceProxies = 1;
			preferredProjectObjectVersion = 77;
			productRefGroup = 58C9FF01A9B14B30986AE346 /* Products */;
			projectDirPath = "";
			projectRoot = "";
			packageReferences = (
				82C55DB390038229AB2B8168 /* XCLocalSwiftPackageReference "." */,
			);
			targets = (
				8CA9290C4C6EDD03BD0CB45A /* Recminal */,
			);
		};
/* End PBXProject section */

/* Begin PBXSourcesBuildPhase section */
		C5DAB7F3D30FF94EDF92CACC /* Sources */ = {
			isa = PBXSourcesBuildPhase;
			buildActionMask = 2147483647;
			files = (
				CB90CE121CD3381C68BCA681 /* AppDelegate.swift in Sources */,
				008E9409F4D6532C444EA35A /* BlurView.swift in Sources */,
				89F1B56D111BD9AA5AA29F3B /* CommandPaletteView.swift in Sources */,
				873814370CDD4BFAE4EECC48 /* HUDView.swift in Sources */,
				B6F8201416B18D2CE97C4A87 /* InputHelpers.swift in Sources */,
				332A5F730AC2479999930102 /* SidebarView.swift in Sources */,
				4B5BEB0DA14B80312E099A47 /* TabBarView.swift in Sources */,
				1D566971E82B4072AFC01454 /* TerminalApp.swift in Sources */,
				9E0937D5026E4D2962342569 /* TerminalConfig.swift in Sources */,
				653912B3B3FA00F0238B02B0 /* TerminalContainerView.swift in Sources */,
				DA8B6CBCF1E315EC44488893 /* TerminalSurfaceView.swift in Sources */,
				ACB15C1AB5E85F4BFCE916A0 /* TerminalWindow.swift in Sources */,
				5FFA243F56697842BDD6A97C /* Theme.swift in Sources */,
			);
			runOnlyForDeploymentPostprocessing = 0;
		};
/* End PBXSourcesBuildPhase section */

/* Begin XCBuildConfiguration section */
		319DB0D4555B9F86810EE95A /* Debug */ = {
			isa = XCBuildConfiguration;
			buildSettings = {
				ASSETCATALOG_COMPILER_APPICON_NAME = AppIcon;
				CODE_SIGN_ENTITLEMENTS = Recminal/Recminal.entitlements;
				CODE_SIGN_STYLE = Automatic;
				COMBINE_HIDPI_IMAGES = YES;
INFOPLIST_FILE = Recminal/Info.plist;
				LD_RUNPATH_SEARCH_PATHS = (
					"$(inherited)",
					"@executable_path/../Frameworks",
				);
				OTHER_LDFLAGS = (
					"-framework Metal",
					"-framework MetalKit",
					"-framework CoreText",
					"-framework QuartzCore",
					"-framework Carbon",
					"-lstdc++",
					"-lz",
				);
				PRODUCT_BUNDLE_IDENTIFIER = com.rec.recminal;
				SDKROOT = macosx;
				SWIFT_OBJC_BRIDGING_HEADER = "";
			};
			name = Debug;
		};
		74BBF3729B1DEDF5419BCD87 /* Release */ = {
			isa = XCBuildConfiguration;
			buildSettings = {
				ALWAYS_SEARCH_USER_PATHS = NO;
				CLANG_ANALYZER_NONNULL = YES;
				CLANG_ANALYZER_NUMBER_OBJECT_CONVERSION = YES_AGGRESSIVE;
				CLANG_CXX_LANGUAGE_STANDARD = "gnu++14";
				CLANG_CXX_LIBRARY = "libc++";
				CLANG_ENABLE_MODULES = YES;
				CLANG_ENABLE_OBJC_ARC = YES;
				CLANG_ENABLE_OBJC_WEAK = YES;
				CLANG_WARN_BLOCK_CAPTURE_AUTORELEASING = YES;
				CLANG_WARN_BOOL_CONVERSION = YES;
				CLANG_WARN_COMMA = YES;
				CLANG_WARN_CONSTANT_CONVERSION = YES;
				CLANG_WARN_DEPRECATED_OBJC_IMPLEMENTATIONS = YES;
				CLANG_WARN_DIRECT_OBJC_ISA_USAGE = YES_ERROR;
				CLANG_WARN_DOCUMENTATION_COMMENTS = YES;
				CLANG_WARN_EMPTY_BODY = YES;
				CLANG_WARN_ENUM_CONVERSION = YES;
				CLANG_WARN_INFINITE_RECURSION = YES;
				CLANG_WARN_INT_CONVERSION = YES;
				CLANG_WARN_NON_LITERAL_NULL_CONVERSION = YES;
				CLANG_WARN_OBJC_IMPLICIT_RETAIN_SELF = YES;
				CLANG_WARN_OBJC_LITERAL_CONVERSION = YES;
				CLANG_WARN_OBJC_ROOT_CLASS = YES_ERROR;
				CLANG_WARN_QUOTED_INCLUDE_IN_FRAMEWORK_HEADER = YES;
				CLANG_WARN_RANGE_LOOP_ANALYSIS = YES;
				CLANG_WARN_STRICT_PROTOTYPES = YES;
				CLANG_WARN_SUSPICIOUS_MOVE = YES;
				CLANG_WARN_UNGUARDED_AVAILABILITY = YES_AGGRESSIVE;
				CLANG_WARN_UNREACHABLE_CODE = YES;
				CLANG_WARN__DUPLICATE_METHOD_MATCH = YES;
				COPY_PHASE_STRIP = NO;
				DEBUG_INFORMATION_FORMAT = "dwarf-with-dsym";
				ENABLE_NS_ASSERTIONS = NO;
				ENABLE_STRICT_OBJC_MSGSEND = YES;
				GCC_C_LANGUAGE_STANDARD = gnu11;
				GCC_NO_COMMON_BLOCKS = YES;
				GCC_WARN_64_TO_32_BIT_CONVERSION = YES;
				GCC_WARN_ABOUT_RETURN_TYPE = YES_ERROR;
				GCC_WARN_UNDECLARED_SELECTOR = YES;
				GCC_WARN_UNINITIALIZED_AUTOS = YES_AGGRESSIVE;
				GCC_WARN_UNUSED_FUNCTION = YES;
				GCC_WARN_UNUSED_VARIABLE = YES;
				MACOSX_DEPLOYMENT_TARGET = 14.0;
				MTL_ENABLE_DEBUG_INFO = NO;
				MTL_FAST_MATH = YES;
				PRODUCT_NAME = "$(TARGET_NAME)";
				SDKROOT = macosx;
				SWIFT_COMPILATION_MODE = wholemodule;
				SWIFT_OPTIMIZATION_LEVEL = "-O";
				SWIFT_VERSION = 5.10;
			};
			name = Release;
		};
		A60CB1C4B862C35AD7745C6B /* Release */ = {
			isa = XCBuildConfiguration;
			buildSettings = {
				ASSETCATALOG_COMPILER_APPICON_NAME = AppIcon;
				CODE_SIGN_ENTITLEMENTS = Recminal/Recminal.entitlements;
				CODE_SIGN_STYLE = Automatic;
				COMBINE_HIDPI_IMAGES = YES;
INFOPLIST_FILE = Recminal/Info.plist;
				LD_RUNPATH_SEARCH_PATHS = (
					"$(inherited)",
					"@executable_path/../Frameworks",
				);
				OTHER_LDFLAGS = (
					"-framework Metal",
					"-framework MetalKit",
					"-framework CoreText",
					"-framework QuartzCore",
					"-framework Carbon",
					"-lstdc++",
					"-lz",
				);
				PRODUCT_BUNDLE_IDENTIFIER = com.rec.recminal;
				SDKROOT = macosx;
				SWIFT_OBJC_BRIDGING_HEADER = "";
			};
			name = Release;
		};
		E1E8DF9D2124DD52C3264870 /* Debug */ = {
			isa = XCBuildConfiguration;
			buildSettings = {
				ALWAYS_SEARCH_USER_PATHS = NO;
				CLANG_ANALYZER_NONNULL = YES;
				CLANG_ANALYZER_NUMBER_OBJECT_CONVERSION = YES_AGGRESSIVE;
				CLANG_CXX_LANGUAGE_STANDARD = "gnu++14";
				CLANG_CXX_LIBRARY = "libc++";
				CLANG_ENABLE_MODULES = YES;
				CLANG_ENABLE_OBJC_ARC = YES;
				CLANG_ENABLE_OBJC_WEAK = YES;
				CLANG_WARN_BLOCK_CAPTURE_AUTORELEASING = YES;
				CLANG_WARN_BOOL_CONVERSION = YES;
				CLANG_WARN_COMMA = YES;
				CLANG_WARN_CONSTANT_CONVERSION = YES;
				CLANG_WARN_DEPRECATED_OBJC_IMPLEMENTATIONS = YES;
				CLANG_WARN_DIRECT_OBJC_ISA_USAGE = YES_ERROR;
				CLANG_WARN_DOCUMENTATION_COMMENTS = YES;
				CLANG_WARN_EMPTY_BODY = YES;
				CLANG_WARN_ENUM_CONVERSION = YES;
				CLANG_WARN_INFINITE_RECURSION = YES;
				CLANG_WARN_INT_CONVERSION = YES;
				CLANG_WARN_NON_LITERAL_NULL_CONVERSION = YES;
				CLANG_WARN_OBJC_IMPLICIT_RETAIN_SELF = YES;
				CLANG_WARN_OBJC_LITERAL_CONVERSION = YES;
				CLANG_WARN_OBJC_ROOT_CLASS = YES_ERROR;
				CLANG_WARN_QUOTED_INCLUDE_IN_FRAMEWORK_HEADER = YES;
				CLANG_WARN_RANGE_LOOP_ANALYSIS = YES;
				CLANG_WARN_STRICT_PROTOTYPES = YES;
				CLANG_WARN_SUSPICIOUS_MOVE = YES;
				CLANG_WARN_UNGUARDED_AVAILABILITY = YES_AGGRESSIVE;
				CLANG_WARN_UNREACHABLE_CODE = YES;
				CLANG_WARN__DUPLICATE_METHOD_MATCH = YES;
				COPY_PHASE_STRIP = NO;
				DEBUG_INFORMATION_FORMAT = dwarf;
				ENABLE_STRICT_OBJC_MSGSEND = YES;
				ENABLE_TESTABILITY = YES;
				GCC_C_LANGUAGE_STANDARD = gnu11;
				GCC_DYNAMIC_NO_PIC = NO;
				GCC_NO_COMMON_BLOCKS = YES;
				GCC_OPTIMIZATION_LEVEL = 0;
				GCC_PREPROCESSOR_DEFINITIONS = (
					"$(inherited)",
					"DEBUG=1",
				);
				GCC_WARN_64_TO_32_BIT_CONVERSION = YES;
				GCC_WARN_ABOUT_RETURN_TYPE = YES_ERROR;
				GCC_WARN_UNDECLARED_SELECTOR = YES;
				GCC_WARN_UNINITIALIZED_AUTOS = YES_AGGRESSIVE;
				GCC_WARN_UNUSED_FUNCTION = YES;
				GCC_WARN_UNUSED_VARIABLE = YES;
				MACOSX_DEPLOYMENT_TARGET = 14.0;
				MTL_ENABLE_DEBUG_INFO = INCLUDE_SOURCE;
				MTL_FAST_MATH = YES;
				ONLY_ACTIVE_ARCH = YES;
				PRODUCT_NAME = "$(TARGET_NAME)";
				SDKROOT = macosx;
				SWIFT_ACTIVE_COMPILATION_CONDITIONS = DEBUG;
				SWIFT_OPTIMIZATION_LEVEL = "-Onone";
				SWIFT_VERSION = 5.10;
			};
			name = Debug;
		};
/* End XCBuildConfiguration section */

/* Begin XCConfigurationList section */
		36E86722BEC88FB63A96ADC2 /* Build configuration list for PBXNativeTarget "Recminal" */ = {
			isa = XCConfigurationList;
			buildConfigurations = (
				319DB0D4555B9F86810EE95A /* Debug */,
				A60CB1C4B862C35AD7745C6B /* Release */,
			);
			defaultConfigurationIsVisible = 0;
			defaultConfigurationName = Debug;
		};
		DAA18EF52F4689A3B8D6496E /* Build configuration list for PBXProject "Recminal" */ = {
			isa = XCConfigurationList;
			buildConfigurations = (
				E1E8DF9D2124DD52C3264870 /* Debug */,
				74BBF3729B1DEDF5419BCD87 /* Release */,
			);
			defaultConfigurationIsVisible = 0;
			defaultConfigurationName = Debug;
		};
/* End XCConfigurationList section */

/* Begin XCLocalSwiftPackageReference section */
		82C55DB390038229AB2B8168 /* XCLocalSwiftPackageReference "." */ = {
			isa = XCLocalSwiftPackageReference;
			relativePath = .;
		};
/* End XCLocalSwiftPackageReference section */

/* Begin XCSwiftPackageProductDependency section */
		B17D71E927B849C6963A20F8 /* GhosttyKit */ = {
			isa = XCSwiftPackageProductDependency;
			productName = GhosttyKit;
		};
/* End XCSwiftPackageProductDependency section */
	};
	rootObject = A7B2432464B100B9F5DEFFCC /* Project object */;
}
